
Microsoft Visual Studio Solution File, Format Version 12.00
# Visual Studio Version 17
VisualStudioVersion = 17.9.34622.214
MinimumVisualStudioVersion = 10.0.40219.1
Project("{FAE04EC0-301F-11D3-BF4B-00C04F79EFBC}") = "EmpCRUD_07_09_24", "EmpCRUD_07_09_24.csproj", "{CC01F74D-CE2D-40C1-B230-77440DA32FF4}"
EndProject
Global
	GlobalSection(SolutionConfigurationPlatforms) = preSolution
		Debug|Any CPU = Debug|Any CPU
		Release|Any CPU = Release|Any CPU
	EndGlobalSection
	GlobalSection(ProjectConfigurationPlatforms) = postSolution
		{CC01F74D-CE2D-40C1-B230-77440DA32FF4}.Debug|Any CPU.ActiveCfg = Debug|Any CPU
		{CC01F74D-CE2D-40C1-B230-77440DA32FF4}.Debug|Any CPU.Build.0 = Debug|Any CPU
		{CC01F74D-CE2D-40C1-B230-77440DA32FF4}.Release|Any CPU.ActiveCfg = Release|Any CPU
		{CC01F74D-CE2D-40C1-B230-77440DA32FF4}.Release|Any CPU.Build.0 = Release|Any CPU
	EndGlobalSection
	GlobalSection(SolutionProperties) = preSolution
		HideSolutionNode = FALSE
	EndGlobalSection
	GlobalSection(ExtensibilityGlobals) = postSolution
		SolutionGuid = {2C15BB56-A92A-4474-BBCA-EA7405B60B6E}
	EndGlobalSection
EndGlobal
